{
  "dependencies": {
    "cloudinary": {
      "version": "1.0.8",
      "resolved": "https://registry.npmjs.org/cloudinary/-/cloudinary-1.0.8.tgz",
      "from": "cloudinary@1.0.8",
      "dependencies": {
        "coffee-script": {
          "version": "1.4.0",
          "resolved": "https://registry.npmjs.org/coffee-script/-/coffee-script-1.4.0.tgz",
          "from": "coffee-script@1.4.0"
        },
        "underscore": {
          "version": "1.4.4",
          "resolved": "https://registry.npmjs.org/underscore/-/underscore-1.4.4.tgz",
          "from": "underscore@1.4.4"
        }
      }
    }
  }
}
